// !$*UTF8*$!
{
	archiveVersion = 1;
	classes = {
	};
	objectVersion = 46;
	objects = {

/* Begin PBXBuildFile section */
		D55E21BF1EEC5B7C009A4051 /* AppDelegate.swift in Sources */ = {isa = PBXBuildFile; fileRef = D55E21BE1EEC5B7C009A4051 /* AppDelegate.swift */; };
		D55E21C11EEC5B7C009A4051 /* ViewController.swift in Sources */ = {isa = PBXBuildFile; fileRef = D55E21C01EEC5B7C009A4051 /* ViewController.swift */; };
		D55E21C41EEC5B7C009A4051 /* Main.storyboard in Resources */ = {isa = PBXBuildFile; fileRef = D55E21C21EEC5B7C009A4051 /* Main.storyboard */; };
		D55E21C61EEC5B7C009A4051 /* Assets.xcassets in Resources */ = {isa = PBXBuildFile; fileRef = D55E21C51EEC5B7C009A4051 /* Assets.xcassets */; };
		D55E21C91EEC5B7C009A4051 /* LaunchScreen.storyboard in Resources */ = {isa = PBXBuildFile; fileRef = D55E21C71EEC5B7C009A4051 /* LaunchScreen.storyboard */; };
		D55E21D41EEC5B7C009A4051 /* SwiftCourseTests.swift in Sources */ = {isa = PBXBuildFile; fileRef = D55E21D31EEC5B7C009A4051 /* SwiftCourseTests.swift */; };
		D55E21DF1EEC5B7C009A4051 /* SwiftCourseUITests.swift in Sources */ = {isa = PBXBuildFile; fileRef = D55E21DE1EEC5B7C009A4051 /* SwiftCourseUITests.swift */; };
/* End PBXBuildFile section */

/* Begin PBXContainerItemProxy section */
		D55E21D01EEC5B7C009A4051 /* PBXContainerItemProxy */ = {
			isa = PBXContainerItemProxy;
			containerPortal = D55E21B31EEC5B7C009A4051 /* Project object */;
			proxyType = 1;
			remoteGlobalIDString = D55E21BA1EEC5B7C009A4051;
			remoteInfo = SwiftCourse;
		};
		D55E21DB1EEC5B7C009A4051 /* PBXContainerItemProxy */ = {
			isa = PBXContainerItemProxy;
			containerPortal = D55E21B31EEC5B7C009A4051 /* Project object */;
			proxyType = 1;
			remoteGlobalIDString = D55E21BA1EEC5B7C009A4051;
			remoteInfo = SwiftCourse;
		};
/* End PBXContainerItemProxy section */

/* Begin PBXFileReference section */
		D55E21BB1EEC5B7C009A4051 /* SwiftCourse.app */ = {isa = PBXFileReference; explicitFileType = wrapper.application; includeInIndex = 0; path = SwiftCourse.app; sourceTree = BUILT_PRODUCTS_DIR; };
		D55E21BE1EEC5B7C009A4051 /* AppDelegate.swift */ = {isa = PBXFileReference; lastKnownFileType = sourcecode.swift; path = AppDelegate.swift; sourceTree = "<group>"; };
		D55E21C01EEC5B7C009A4051 /* ViewController.swift */ = {isa = PBXFileReference; lastKnownFileType = sourcecode.swift; path = ViewController.swift; sourceTree = "<group>"; };
		D55E21C31EEC5B7C009A4051 /* Base */ = {isa = PBXFileReference; lastKnownFileType = file.storyboard; name = Base; path = Base.lproj/Main.storyboard; sourceTree = "<group>"; };
		D55E21C51EEC5B7C009A4051 /* Assets.xcassets */ = {isa = PBXFileReference; lastKnownFileType = folder.assetcatalog; path = Assets.xcassets; sourceTree = "<group>"; };
		D55E21C81EEC5B7C009A4051 /* Base */ = {isa = PBXFileReference; lastKnownFileType = file.storyboard; name = Base; path = Base.lproj/LaunchScreen.storyboard; sourceTree = "<group>"; };
		D55E21CA1EEC5B7C009A4051 /* Info.plist */ = {isa = PBXFileReference; lastKnownFileType = text.plist.xml; path = Info.plist; sourceTree = "<group>"; };
		D55E21CF1EEC5B7C009A4051 /* SwiftCourseTests.xctest */ = {isa = PBXFileReference; explicitFileType = wrapper.cfbundle; includeInIndex = 0; path = SwiftCourseTests.xctest; sourceTree = BUILT_PRODUCTS_DIR; };
		D55E21D31EEC5B7C009A4051 /* SwiftCourseTests.swift */ = {isa = PBXFileReference; lastKnownFileType = sourcecode.swift; path = SwiftCourseTests.swift; sourceTree = "<group>"; };
		D55E21D51EEC5B7C009A4051 /* Info.plist */ = {isa = PBXFileReference; lastKnownFileType = text.plist.xml; path = Info.plist; sourceTree = "<group>"; };
		D55E21DA1EEC5B7C009A4051 /* SwiftCourseUITests.xctest */ = {isa = PBXFileReference; explicitFileType = wrapper.cfbundle; includeInIndex = 0; path = SwiftCourseUITests.xctest; sourceTree = BUILT_PRODUCTS_DIR; };
		D55E21DE1EEC5B7C009A4051 /* SwiftCourseUITests.swift */ = {isa = PBXFileReference; lastKnownFileType = sourcecode.swift; path = SwiftCourseUITests.swift; sourceTree = "<group>"; };
		D55E21E01EEC5B7C009A4051 /* Info.plist */ = {isa = PBXFileReference; lastKnownFileType = text.plist.xml; path = Info.plist; sourceTree = "<group>"; };
/* End PBXFileReference section */

/* Begin PBXFrameworksBuildPhase section */
		D55E21B81EEC5B7C009A4051 /* Frameworks */ = {
			isa = PBXFrameworksBuildPhase;
			buildActionMask = 2147483647;
			files = (
			);
			runOnlyForDeploymentPostprocessing = 0;
		};
		D55E21CC1EEC5B7C009A4051 /* Frameworks */ = {
			isa = PBXFrameworksBuildPhase;
			buildActionMask = 2147483647;
			files = (
			);
			runOnlyForDeploymentPostprocessing = 0;
		};
		D55E21D71EEC5B7C009A4051 /* Frameworks */ = {
			isa = PBXFrameworksBuildPhase;
			buildActionMask = 2147483647;
			files = (
			);
			runOnlyForDeploymentPostprocessing = 0;
		};
/* End PBXFrameworksBuildPhase section */

/* Begin PBXGroup section */
		D55E21B21EEC5B7C009A4051 = {
			isa = PBXGroup;
			children = (
				D55E21BD1EEC5B7C009A4051 /* SwiftCourse */,
				D55E21D21EEC5B7C009A4051 /* SwiftCourseTests */,
				D55E21DD1EEC5B7C009A4051 /* SwiftCourseUITests */,
				D55E21BC1EEC5B7C009A4051 /* Products */,
			);
			sourceTree = "<group>";
		};
		D55E21BC1EEC5B7C009A4051 /* Products */ = {
			isa = PBXGroup;
			children = (
				D55E21BB1EEC5B7C009A4051 /* SwiftCourse.app */,
				D55E21CF1EEC5B7C009A4051 /* SwiftCourseTests.xctest */,
				D55E21DA1EEC5B7C009A4051 /* SwiftCourseUITests.xctest */,
			);
			name = Products;
			sourceTree = "<group>";
		};
		D55E21BD1EEC5B7C009A4051 /* SwiftCourse */ = {
			isa = PBXGroup;
			children = (
				D55E21BE1EEC5B7C009A4051 /* AppDelegate.swift */,
				D55E21C01EEC5B7C009A4051 /* ViewController.swift */,
				D55E21C21EEC5B7C009A4051 /* Main.storyboard */,
				D55E21C51EEC5B7C009A4051 /* Assets.xcassets */,
				D55E21C71EEC5B7C009A4051 /* LaunchScreen.storyboard */,
				D55E21CA1EEC5B7C009A4051 /* Info.plist */,
			);
			path = SwiftCourse;
			sourceTree = "<group>";
		};
		D55E21D21EEC5B7C009A4051 /* SwiftCourseTests */ = {
			isa = PBXGroup;
			children = (
				D55E21D31EEC5B7C009A4051 /* SwiftCourseTests.swift */,
				D55E21D51EEC5B7C009A4051 /* Info.plist */,
			);
			path = SwiftCourseTests;
			sourceTree = "<group>";
		};
		D55E21DD1EEC5B7C009A4051 /* SwiftCourseUITests */ = {
			isa = PBXGroup;
			children = (
				D55E21DE1EEC5B7C009A4051 /* SwiftCourseUITests.swift */,
				D55E21E01EEC5B7C009A4051 /* Info.plist */,
			);
			path = SwiftCourseUITests;
			sourceTree = "<group>";
		};
/* End PBXGroup section */

/* Begin PBXNativeTarget section */
		D55E21BA1EEC5B7C009A4051 /* SwiftCourse */ = {
			isa = PBXNativeTarget;
			buildConfigurationList = D55E21E31EEC5B7C009A4051 /* Build configuration list for PBXNativeTarget "SwiftCourse" */;
			buildPhases = (
				D55E21B71EEC5B7C009A4051 /* Sources */,
				D55E21B81EEC5B7C009A4051 /* Frameworks */,
				D55E21B91EEC5B7C009A4051 /* Resources */,
			);
			buildRules = (
			);
			dependencies = (
			);
			name = SwiftCourse;
			productName = SwiftCourse;
			productReference = D55E21BB1EEC5B7C009A4051 /* SwiftCourse.app */;
			productType = "com.apple.product-type.application";
		};
		D55E21CE1EEC5B7C009A4051 /* SwiftCourseTests */ = {
			isa = PBXNativeTarget;
			buildConfigurationList = D55E21E61EEC5B7C009A4051 /* Build configuration list for PBXNativeTarget "SwiftCourseTests" */;
			buildPhases = (
				D55E21CB1EEC5B7C009A4051 /* Sources */,
				D55E21CC1EEC5B7C009A4051 /* Frameworks */,
				D55E21CD1EEC5B7C009A4051 /* Resources */,
			);
			buildRules = (
			);
			dependencies = (
				D55E21D11EEC5B7C009A4051 /* PBXTargetDependency */,
			);
			name = SwiftCourseTests;
			productName = SwiftCourseTests;
			productReference = D55E21CF1EEC5B7C009A4051 /* SwiftCourseTests.xctest */;
			productType = "com.apple.product-type.bundle.unit-test";
		};
		D55E21D91EEC5B7C009A4051 /* SwiftCourseUITests */ = {
			isa = PBXNativeTarget;
			buildConfigurationList = D55E21E91EEC5B7C009A4051 /* Build configuration list for PBXNativeTarget "SwiftCourseUITests" */;
			buildPhases = (
				D55E21D61EEC5B7C009A4051 /* Sources */,
				D55E21D71EEC5B7C009A4051 /* Frameworks */,
				D55E21D81EEC5B7C009A4051 /* Resources */,
			);
			buildRules = (
			);
			dependencies = (
				D55E21DC1EEC5B7C009A4051 /* PBXTargetDependency */,
			);
			name = SwiftCourseUITests;
			productName = SwiftCourseUITests;
			productReference = D55E21DA1EEC5B7C009A4051 /* SwiftCourseUITests.xctest */;
			productType = "com.apple.product-type.bundle.ui-testing";
		};
/* End PBXNativeTarget section */

/* Begin PBXProject section */
		D55E21B31EEC5B7C009A4051 /* Project object */ = {
			isa = PBXProject;
			attributes = {
				LastSwiftUpdateCheck = 0830;
				LastUpgradeCheck = 0830;
				ORGANIZATIONNAME = "Rafal Szczech";
				TargetAttributes = {
					D55E21BA1EEC5B7C009A4051 = {
						CreatedOnToolsVersion = 8.3.3;
						ProvisioningStyle = Automatic;
					};
					D55E21CE1EEC5B7C009A4051 = {
						CreatedOnToolsVersion = 8.3.3;
						ProvisioningStyle = Automatic;
						TestTargetID = D55E21BA1EEC5B7C009A4051;
					};
					D55E21D91EEC5B7C009A4051 = {
						CreatedOnToolsVersion = 8.3.3;
						ProvisioningStyle = Automatic;
						TestTargetID = D55E21BA1EEC5B7C009A4051;
					};
				};
			};
			buildConfigurationList = D55E21B61EEC5B7C009A4051 /* Build configuration list for PBXProject "SwiftCourse" */;
			compatibilityVersion = "Xcode 3.2";
			developmentRegion = English;
			hasScannedForEncodings = 0;
			knownRegions = (
				en,
				Base,
			);
			mainGroup = D55E21B21EEC5B7C009A4051;
			productRefGroup = D55E21BC1EEC5B7C009A4051 /* Products */;
			projectDirPath = "";
			projectRoot = "";
			targets = (
				D55E21BA1EEC5B7C009A4051 /* SwiftCourse */,
				D55E21CE1EEC5B7C009A4051 /* SwiftCourseTests */,
				D55E21D91EEC5B7C009A4051 /* SwiftCourseUITests */,
			);
		};
/* End PBXProject section */

/* Begin PBXResourcesBuildPhase section */
		D55E21B91EEC5B7C009A4051 /* Resources */ = {
			isa = PBXResourcesBuildPhase;
			buildActionMask = 2147483647;
			files = (
				D55E21C91EEC5B7C009A4051 /* LaunchScreen.storyboard in Resources */,
				D55E21C61EEC5B7C009A4051 /* Assets.xcassets in Resources */,
				D55E21C41EEC5B7C009A4051 /* Main.storyboard in Resources */,
			);
			runOnlyForDeploymentPostprocessing = 0;
		};
		D55E21CD1EEC5B7C009A4051 /* Resources */ = {
			isa = PBXResourcesBuildPhase;
			buildActionMask = 2147483647;
			files = (
			);
			runOnlyForDeploymentPostprocessing = 0;
		};
		D55E21D81EEC5B7C009A4051 /* Resources */ = {
			isa = PBXResourcesBuildPhase;
			buildActionMask = 2147483647;
			files = (
			);
			runOnlyForDeploymentPostprocessing = 0;
		};
/* End PBXResourcesBuildPhase section */

/* Begin PBXSourcesBuildPhase section */
		D55E21B71EEC5B7C009A4051 /* Sources */ = {
			isa = PBXSourcesBuildPhase;
			buildActionMask = 2147483647;
			files = (
				D55E21C11EEC5B7C009A4051 /* ViewController.swift in Sources */,
				D55E21BF1EEC5B7C009A4051 /* AppDelegate.swift in Sources */,
			);
			runOnlyForDeploymentPostprocessing = 0;
		};
		D55E21CB1EEC5B7C009A4051 /* Sources */ = {
			isa = PBXSourcesBuildPhase;
			buildActionMask = 2147483647;
			files = (
				D55E21D41EEC5B7C009A4051 /* SwiftCourseTests.swift in Sources */,
			);
			runOnlyForDeploymentPostprocessing = 0;
		};
		D55E21D61EEC5B7C009A4051 /* Sources */ = {
			isa = PBXSourcesBuildPhase;
			buildActionMask = 2147483647;
			files = (
				D55E21DF1EEC5B7C009A4051 /* SwiftCourseUITests.swift in Sources */,
			);
			runOnlyForDeploymentPostprocessing = 0;
		};
/* End PBXSourcesBuildPhase section */

/* Begin PBXTargetDependency section */
		D55E21D11EEC5B7C009A4051 /* PBXTargetDependency */ = {
			isa = PBXTargetDependency;
			target = D55E21BA1EEC5B7C009A4051 /* SwiftCourse */;
			targetProxy = D55E21D01EEC5B7C009A4051 /* PBXContainerItemProxy */;
		};
		D55E21DC1EEC5B7C009A4051 /* PBXTargetDependency */ = {
			isa = PBXTargetDependency;
			target = D55E21BA1EEC5B7C009A4051 /* SwiftCourse */;
			targetProxy = D55E21DB1EEC5B7C009A4051 /* PBXContainerItemProxy */;
		};
/* End PBXTargetDependency section */

/* Begin PBXVariantGroup section */
		D55E21C21EEC5B7C009A4051 /* Main.storyboard */ = {
			isa = PBXVariantGroup;
			children = (
				D55E21C31EEC5B7C009A4051 /* Base */,
			);
			name = Main.storyboard;
			sourceTree = "<group>";
		};
		D55E21C71EEC5B7C009A4051 /* LaunchScreen.storyboard */ = {
			isa = PBXVariantGroup;
			children = (
				D55E21C81EEC5B7C009A4051 /* Base */,
			);
			name = LaunchScreen.storyboard;
			sourceTree = "<group>";
		};
/* End PBXVariantGroup section */

/* Begin XCBuildConfiguration section */
		D55E21E11EEC5B7C009A4051 /* Debug */ = {
			isa = XCBuildConfiguration;
			buildSettings = {
				ALWAYS_SEARCH_USER_PATHS = NO;
				CLANG_ANALYZER_NONNULL = YES;
				CLANG_ANALYZER_NUMBER_OBJECT_CONVERSION = YES_AGGRESSIVE;
				CLANG_CXX_LANGUAGE_STANDARD = "gnu++0x";
				CLANG_CXX_LIBRARY = "libc++";
				CLANG_ENABLE_MODULES = YES;
				CLANG_ENABLE_OBJC_ARC = YES;
				CLANG_WARN_BOOL_CONVERSION = YES;
				CLANG_WARN_CONSTANT_CONVERSION = YES;
				CLANG_WARN_DIRECT_OBJC_ISA_USAGE = YES_ERROR;
				CLANG_WARN_DOCUMENTATION_COMMENTS = YES;
				CLANG_WARN_EMPTY_BODY = YES;
				CLANG_WARN_ENUM_CONVERSION = YES;
				CLANG_WARN_INFINITE_RECURSION = YES;
				CLANG_WARN_INT_CONVERSION = YES;
				CLANG_WARN_OBJC_ROOT_CLASS = YES_ERROR;
				CLANG_WARN_SUSPICIOUS_MOVE = YES;
				CLANG_WARN_UNREACHABLE_CODE = YES;
				CLANG_WARN__DUPLICATE_METHOD_MATCH = YES;
				"CODE_SIGN_IDENTITY[sdk=iphoneos*]" = "iPhone Developer";
				COPY_PHASE_STRIP = NO;
				DEBUG_INFORMATION_FORMAT = dwarf;
				ENABLE_STRICT_OBJC_MSGSEND = YES;
				ENABLE_TESTABILITY = YES;
				GCC_C_LANGUAGE_STANDARD = gnu99;
				GCC_DYNAMIC_NO_PIC = NO;
				GCC_NO_COMMON_BLOCKS = YES;
				GCC_OPTIMIZATION_LEVEL = 0;
				GCC_PREPROCESSOR_DEFINITIONS = (
					"DEBUG=1",
					"$(inherited)",
				);
				GCC_WARN_64_TO_32_BIT_CONVERSION = YES;
				GCC_WARN_ABOUT_RETURN_TYPE = YES_ERROR;
				GCC_WARN_UNDECLARED_SELECTOR = YES;
				GCC_WARN_UNINITIALIZED_AUTOS = YES_AGGRESSIVE;
				GCC_WARN_UNUSED_FUNCTION = YES;
				GCC_WARN_UNUSED_VARIABLE = YES;
				IPHONEOS_DEPLOYMENT_TARGET = 10.3;
				MTL_ENABLE_DEBUG_INFO = YES;
				ONLY_ACTIVE_ARCH = YES;
				SDKROOT = iphoneos;
				SWIFT_ACTIVE_COMPILATION_CONDITIONS = DEBUG;
				SWIFT_OPTIMIZATION_LEVEL = "-Onone";
				TARGETED_DEVICE_FAMILY = "1,2";
			};
			name = Debug;
		};
		D55E21E21EEC5B7C009A4051 /* Release */ = {
			isa = XCBuildConfiguration;
			buildSettings = {
				ALWAYS_SEARCH_USER_PATHS = NO;
				CLANG_ANALYZER_NONNULL = YES;
				CLANG_ANALYZER_NUMBER_OBJECT_CONVERSION = YES_AGGRESSIVE;
				CLANG_CXX_LANGUAGE_STANDARD = "gnu++0x";
				CLANG_CXX_LIBRARY = "libc++";
				CLANG_ENABLE_MODULES = YES;
				CLANG_ENABLE_OBJC_ARC = YES;
				CLANG_WARN_BOOL_CONVERSION = YES;
				CLANG_WARN_CONSTANT_CONVERSION = YES;
				CLANG_WARN_DIRECT_OBJC_ISA_USAGE = YES_ERROR;
				CLANG_WARN_DOCUMENTATION_COMMENTS = YES;
				CLANG_WARN_EMPTY_BODY = YES;
				CLANG_WARN_ENUM_CONVERSION = YES;
				CLANG_WARN_INFINITE_RECURSION = YES;
				CLANG_WARN_INT_CONVERSION = YES;
				CLANG_WARN_OBJC_ROOT_CLASS = YES_ERROR;
				CLANG_WARN_SUSPICIOUS_MOVE = YES;
				CLANG_WARN_UNREACHABLE_CODE = YES;
				CLANG_WARN__DUPLICATE_METHOD_MATCH = YES;
				"CODE_SIGN_IDENTITY[sdk=iphoneos*]" = "iPhone Developer";
				COPY_PHASE_STRIP = NO;
				DEBUG_INFORMATION_FORMAT = "dwarf-with-dsym";
				ENABLE_NS_ASSERTIONS = NO;
				ENABLE_STRICT_OBJC_MSGSEND = YES;
				GCC_C_LANGUAGE_STANDARD = gnu99;
				GCC_NO_COMMON_BLOCKS = YES;
				GCC_WARN_64_TO_32_BIT_CONVERSION = YES;
				GCC_WARN_ABOUT_RETURN_TYPE = YES_ERROR;
				GCC_WARN_UNDECLARED_SELECTOR = YES;
				GCC_WARN_UNINITIALIZED_AUTOS = YES_AGGRESSIVE;
				GCC_WARN_UNUSED_FUNCTION = YES;
				GCC_WARN_UNUSED_VARIABLE = YES;
				IPHONEOS_DEPLOYMENT_TARGET = 10.3;
				MTL_ENABLE_DEBUG_INFO = NO;
				SDKROOT = iphoneos;
				SWIFT_OPTIMIZATION_LEVEL = "-Owholemodule";
				TARGETED_DEVICE_FAMILY = "1,2";
				VALIDATE_PRODUCT = YES;
			};
			name = Release;
		};
		D55E21E41EEC5B7C009A4051 /* Debug */ = {
			isa = XCBuildConfiguration;
			buildSettings = {
				ASSETCATALOG_COMPILER_APPICON_NAME = AppIcon;
				INFOPLIST_FILE = SwiftCourse/Info.plist;
				LD_RUNPATH_SEARCH_PATHS = "$(inherited) @executable_path/Frameworks";
				PRODUCT_BUNDLE_IDENTIFIER = RS.SwiftCourse;
				PRODUCT_NAME = "$(TARGET_NAME)";
				SWIFT_VERSION = 3.0;
			};
			name = Debug;
		};
		D55E21E51EEC5B7C009A4051 /* Release */ = {
			isa = XCBuildConfiguration;
			buildSettings = {
				ASSETCATALOG_COMPILER_APPICON_NAME = AppIcon;
				INFOPLIST_FILE = SwiftCourse/Info.plist;
				LD_RUNPATH_SEARCH_PATHS = "$(inherited) @executable_path/Frameworks";
				PRODUCT_BUNDLE_IDENTIFIER = RS.SwiftCourse;
				PRODUCT_NAME = "$(TARGET_NAME)";
				SWIFT_VERSION = 3.0;
			};
			name = Release;
		};
		D55E21E71EEC5B7C009A4051 /* Debug */ = {
			isa = XCBuildConfiguration;
			buildSettings = {
				ALWAYS_EMBED_SWIFT_STANDARD_LIBRARIES = YES;
				BUNDLE_LOADER = "$(TEST_HOST)";
				INFOPLIST_FILE = SwiftCourseTests/Info.plist;
				LD_RUNPATH_SEARCH_PATHS = "$(inherited) @executable_path/Frameworks @loader_path/Frameworks";
				PRODUCT_BUNDLE_IDENTIFIER = RS.SwiftCourseTests;
				PRODUCT_NAME = "$(TARGET_NAME)";
				SWIFT_VERSION = 3.0;
				TEST_HOST = "$(BUILT_PRODUCTS_DIR)/SwiftCourse.app/SwiftCourse";
			};
			name = Debug;
		};
		D55E21E81EEC5B7C009A4051 /* Release */ = {
			isa = XCBuildConfiguration;
			buildSettings = {
				ALWAYS_EMBED_SWIFT_STANDARD_LIBRARIES = YES;
				BUNDLE_LOADER = "$(TEST_HOST)";
				INFOPLIST_FILE = SwiftCourseTests/Info.plist;
				LD_RUNPATH_SEARCH_PATHS = "$(inherited) @executable_path/Frameworks @loader_path/Frameworks";
				PRODUCT_BUNDLE_IDENTIFIER = RS.SwiftCourseTests;
				PRODUCT_NAME = "$(TARGET_NAME)";
				SWIFT_VERSION = 3.0;
				TEST_HOST = "$(BUILT_PRODUCTS_DIR)/SwiftCourse.app/SwiftCourse";
			};
			name = Release;
		};
		D55E21EA1EEC5B7C009A4051 /* Debug */ = {
			isa = XCBuildConfiguration;
			buildSettings = {
				ALWAYS_EMBED_SWIFT_STANDARD_LIBRARIES = YES;
				INFOPLIST_FILE = SwiftCourseUITests/Info.plist;
				LD_RUNPATH_SEARCH_PATHS = "$(inherited) @executable_path/Frameworks @loader_path/Frameworks";
				PRODUCT_BUNDLE_IDENTIFIER = RS.SwiftCourseUITests;
				PRODUCT_NAME = "$(TARGET_NAME)";
				SWIFT_VERSION = 3.0;
				TEST_TARGET_NAME = SwiftCourse;
			};
			name = Debug;
		};
		D55E21EB1EEC5B7C009A4051 /* Release */ = {
			isa = XCBuildConfiguration;
			buildSettings = {
				ALWAYS_EMBED_SWIFT_STANDARD_LIBRARIES = YES;
				INFOPLIST_FILE = SwiftCourseUITests/Info.plist;
				LD_RUNPATH_SEARCH_PATHS = "$(inherited) @executable_path/Frameworks @loader_path/Frameworks";
				PRODUCT_BUNDLE_IDENTIFIER = RS.SwiftCourseUITests;
				PRODUCT_NAME = "$(TARGET_NAME)";
				SWIFT_VERSION = 3.0;
				TEST_TARGET_NAME = SwiftCourse;
			};
			name = Release;
		};
/* End XCBuildConfiguration section */

/* Begin XCConfigurationList section */
		D55E21B61EEC5B7C009A4051 /* Build configuration list for PBXProject "SwiftCourse" */ = {
			isa = XCConfigurationList;
			buildConfigurations = (
				D55E21E11EEC5B7C009A4051 /* Debug */,
				D55E21E21EEC5B7C009A4051 /* Release */,
			);
			defaultConfigurationIsVisible = 0;
			defaultConfigurationName = Release;
		};
		D55E21E31EEC5B7C009A4051 /* Build configuration list for PBXNativeTarget "SwiftCourse" */ = {
			isa = XCConfigurationList;
			buildConfigurations = (
				D55E21E41EEC5B7C009A4051 /* Debug */,
				D55E21E51EEC5B7C009A4051 /* Release */,
			);
			defaultConfigurationIsVisible = 0;
		};
		D55E21E61EEC5B7C009A4051 /* Build configuration list for PBXNativeTarget "SwiftCourseTests" */ = {
			isa = XCConfigurationList;
			buildConfigurations = (
				D55E21E71EEC5B7C009A4051 /* Debug */,
				D55E21E81EEC5B7C009A4051 /* Release */,
			);
			defaultConfigurationIsVisible = 0;
		};
		D55E21E91EEC5B7C009A4051 /* Build configuration list for PBXNativeTarget "SwiftCourseUITests" */ = {
			isa = XCConfigurationList;
			buildConfigurations = (
				D55E21EA1EEC5B7C009A4051 /* Debug */,
				D55E21EB1EEC5B7C009A4051 /* Release */,
			);
			defaultConfigurationIsVisible = 0;
		};
/* End XCConfigurationList section */
	};
	rootObject = D55E21B31EEC5B7C009A4051 /* Project object */;
}
